// !$*UTF8*$!
{
	archiveVersion = 1;
	classes = {
	};
	objectVersion = 50;
	objects = {

/* Begin PBXBuildFile section */
		5F7CE11D24E0417700231652 /* DataManager.swift in Sources */ = {isa = PBXBuildFile; fileRef = 5F7CE11C24E0417700231652 /* DataManager.swift */; };
		5F9CC9EA24DF248E0090C6A5 /* AppDelegate.swift in Sources */ = {isa = PBXBuildFile; fileRef = 5F9CC9E924DF248E0090C6A5 /* AppDelegate.swift */; };
		5F9CC9EC24DF248E0090C6A5 /* SceneDelegate.swift in Sources */ = {isa = PBXBuildFile; fileRef = 5F9CC9EB24DF248E0090C6A5 /* SceneDelegate.swift */; };
		5F9CC9F124DF248E0090C6A5 /* Main.storyboard in Resources */ = {isa = PBXBuildFile; fileRef = 5F9CC9EF24DF248E0090C6A5 /* Main.storyboard */; };
		5F9CC9F424DF248E0090C6A5 /* Hyeum.xcdatamodeld in Sources */ = {isa = PBXBuildFile; fileRef = 5F9CC9F224DF248E0090C6A5 /* Hyeum.xcdatamodeld */; };
		5F9CC9F624DF248E0090C6A5 /* Assets.xcassets in Resources */ = {isa = PBXBuildFile; fileRef = 5F9CC9F524DF248E0090C6A5 /* Assets.xcassets */; };
		5F9CC9F924DF248E0090C6A5 /* LaunchScreen.storyboard in Resources */ = {isa = PBXBuildFile; fileRef = 5F9CC9F724DF248E0090C6A5 /* LaunchScreen.storyboard */; };
		5F9CCA0224DF27010090C6A5 /* Model.swift in Sources */ = {isa = PBXBuildFile; fileRef = 5F9CCA0124DF27010090C6A5 /* Model.swift */; };
		5F9CCA0524DF29550090C6A5 /* MemoListTableViewController.swift in Sources */ = {isa = PBXBuildFile; fileRef = 5F9CCA0424DF29550090C6A5 /* MemoListTableViewController.swift */; };
		5F9CCA0724DF306A0090C6A5 /* ComposeViewController.swift in Sources */ = {isa = PBXBuildFile; fileRef = 5F9CCA0624DF306A0090C6A5 /* ComposeViewController.swift */; };
		5F9CCA0924DF32D20090C6A5 /* UIViewController+Alert.swift in Sources */ = {isa = PBXBuildFile; fileRef = 5F9CCA0824DF32D20090C6A5 /* UIViewController+Alert.swift */; };
		5F9CF14524DF3A61007F9AE5 /* DetailViewController.swift in Sources */ = {isa = PBXBuildFile; fileRef = 5F9CF14424DF3A61007F9AE5 /* DetailViewController.swift */; };
/* End PBXBuildFile section */

/* Begin PBXFileReference section */
		5F034C5624E4EAE8007FAA91 /* 혜윰: 하루 한줄.entitlements */ = {isa = PBXFileReference; lastKnownFileType = text.plist.entitlements; path = "혜윰: 하루 한줄.entitlements"; sourceTree = "<group>"; };
		5F7CE11C24E0417700231652 /* DataManager.swift */ = {isa = PBXFileReference; lastKnownFileType = sourcecode.swift; path = DataManager.swift; sourceTree = "<group>"; };
		5F9CC9E624DF248E0090C6A5 /* 혜윰: 하루 한줄.app */ = {isa = PBXFileReference; explicitFileType = wrapper.application; includeInIndex = 0; path = "혜윰: 하루 한줄.app"; sourceTree = BUILT_PRODUCTS_DIR; };
		5F9CC9E924DF248E0090C6A5 /* AppDelegate.swift */ = {isa = PBXFileReference; lastKnownFileType = sourcecode.swift; path = AppDelegate.swift; sourceTree = "<group>"; };
		5F9CC9EB24DF248E0090C6A5 /* SceneDelegate.swift */ = {isa = PBXFileReference; lastKnownFileType = sourcecode.swift; path = SceneDelegate.swift; sourceTree = "<group>"; };
		5F9CC9F024DF248E0090C6A5 /* Base */ = {isa = PBXFileReference; lastKnownFileType = file.storyboard; name = Base; path = Base.lproj/Main.storyboard; sourceTree = "<group>"; };
		5F9CC9F324DF248E0090C6A5 /* Hyeum.xcdatamodel */ = {isa = PBXFileReference; lastKnownFileType = wrapper.xcdatamodel; path = Hyeum.xcdatamodel; sourceTree = "<group>"; };
		5F9CC9F524DF248E0090C6A5 /* Assets.xcassets */ = {isa = PBXFileReference; lastKnownFileType = folder.assetcatalog; path = Assets.xcassets; sourceTree = "<group>"; };
		5F9CC9F824DF248E0090C6A5 /* Base */ = {isa = PBXFileReference; lastKnownFileType = file.storyboard; name = Base; path = Base.lproj/LaunchScreen.storyboard; sourceTree = "<group>"; };
		5F9CC9FA24DF248E0090C6A5 /* Info.plist */ = {isa = PBXFileReference; lastKnownFileType = text.plist.xml; path = Info.plist; sourceTree = "<group>"; };
		5F9CCA0124DF27010090C6A5 /* Model.swift */ = {isa = PBXFileReference; lastKnownFileType = sourcecode.swift; path = Model.swift; sourceTree = "<group>"; };
		5F9CCA0424DF29550090C6A5 /* MemoListTableViewController.swift */ = {isa = PBXFileReference; lastKnownFileType = sourcecode.swift; path = MemoListTableViewController.swift; sourceTree = "<group>"; };
		5F9CCA0624DF306A0090C6A5 /* ComposeViewController.swift */ = {isa = PBXFileReference; lastKnownFileType = sourcecode.swift; path = ComposeViewController.swift; sourceTree = "<group>"; };
		5F9CCA0824DF32D20090C6A5 /* UIViewController+Alert.swift */ = {isa = PBXFileReference; lastKnownFileType = sourcecode.swift; path = "UIViewController+Alert.swift"; sourceTree = "<group>"; };
		5F9CF14424DF3A61007F9AE5 /* DetailViewController.swift */ = {isa = PBXFileReference; lastKnownFileType = sourcecode.swift; path = DetailViewController.swift; sourceTree = "<group>"; };
/* End PBXFileReference section */

/* Begin PBXFrameworksBuildPhase section */
		5F9CC9E324DF248E0090C6A5 /* Frameworks */ = {
			isa = PBXFrameworksBuildPhase;
			buildActionMask = 2147483647;
			files = (
			);
			runOnlyForDeploymentPostprocessing = 0;
		};
/* End PBXFrameworksBuildPhase section */

/* Begin PBXGroup section */
		5F7CE11B24E0416000231652 /* Data */ = {
			isa = PBXGroup;
			children = (
				5F7CE11C24E0417700231652 /* DataManager.swift */,
			);
			path = Data;
			sourceTree = "<group>";
		};
		5F9CC9DD24DF248D0090C6A5 = {
			isa = PBXGroup;
			children = (
				5F9CC9E824DF248E0090C6A5 /* Hyeum */,
				5F9CC9E724DF248E0090C6A5 /* Products */,
			);
			sourceTree = "<group>";
		};
		5F9CC9E724DF248E0090C6A5 /* Products */ = {
			isa = PBXGroup;
			children = (
				5F9CC9E624DF248E0090C6A5 /* 혜윰: 하루 한줄.app */,
			);
			name = Products;
			sourceTree = "<group>";
		};
		5F9CC9E824DF248E0090C6A5 /* Hyeum */ = {
			isa = PBXGroup;
			children = (
				5F034C5624E4EAE8007FAA91 /* 혜윰: 하루 한줄.entitlements */,
				5F7CE11B24E0416000231652 /* Data */,
				5F9CCA0024DF26ED0090C6A5 /* Model */,
				5F9CC9E924DF248E0090C6A5 /* AppDelegate.swift */,
				5F9CC9EB24DF248E0090C6A5 /* SceneDelegate.swift */,
				5F9CC9EF24DF248E0090C6A5 /* Main.storyboard */,
				5F9CC9F524DF248E0090C6A5 /* Assets.xcassets */,
				5F9CC9F724DF248E0090C6A5 /* LaunchScreen.storyboard */,
				5F9CC9FA24DF248E0090C6A5 /* Info.plist */,
				5F9CC9F224DF248E0090C6A5 /* Hyeum.xcdatamodeld */,
				5F9CCA0424DF29550090C6A5 /* MemoListTableViewController.swift */,
				5F9CCA0624DF306A0090C6A5 /* ComposeViewController.swift */,
				5F9CCA0824DF32D20090C6A5 /* UIViewController+Alert.swift */,
				5F9CF14424DF3A61007F9AE5 /* DetailViewController.swift */,
			);
			path = Hyeum;
			sourceTree = "<group>";
		};
		5F9CCA0024DF26ED0090C6A5 /* Model */ = {
			isa = PBXGroup;
			children = (
				5F9CCA0124DF27010090C6A5 /* Model.swift */,
			);
			path = Model;
			sourceTree = "<group>";
		};
/* End PBXGroup section */

/* Begin PBXNativeTarget section */
		5F9CC9E524DF248E0090C6A5 /* Hyeum */ = {
			isa = PBXNativeTarget;
			buildConfigurationList = 5F9CC9FD24DF248E0090C6A5 /* Build configuration list for PBXNativeTarget "Hyeum" */;
			buildPhases = (
				5F9CC9E224DF248E0090C6A5 /* Sources */,
				5F9CC9E324DF248E0090C6A5 /* Frameworks */,
				5F9CC9E424DF248E0090C6A5 /* Resources */,
			);
			buildRules = (
			);
			dependencies = (
			);
			name = Hyeum;
			productName = Hyeum;
			productReference = 5F9CC9E624DF248E0090C6A5 /* 혜윰: 하루 한줄.app */;
			productType = "com.apple.product-type.application";
		};
/* End PBXNativeTarget section */

/* Begin PBXProject section */
		5F9CC9DE24DF248D0090C6A5 /* Project object */ = {
			isa = PBXProject;
			attributes = {
				LastSwiftUpdateCheck = 1160;
				LastUpgradeCheck = 1160;
				ORGANIZATIONNAME = SWU_Hyeum;
				TargetAttributes = {
					5F9CC9E524DF248E0090C6A5 = {
						CreatedOnToolsVersion = 11.6;
					};
				};
			};
			buildConfigurationList = 5F9CC9E124DF248D0090C6A5 /* Build configuration list for PBXProject "Hyeum" */;
			compatibilityVersion = "Xcode 9.3";
			developmentRegion = en;
			hasScannedForEncodings = 0;
			knownRegions = (
				en,
				Base,
			);
			mainGroup = 5F9CC9DD24DF248D0090C6A5;
			productRefGroup = 5F9CC9E724DF248E0090C6A5 /* Products */;
			projectDirPath = "";
			projectRoot = "";
			targets = (
				5F9CC9E524DF248E0090C6A5 /* Hyeum */,
			);
		};
/* End PBXProject section */

/* Begin PBXResourcesBuildPhase section */
		5F9CC9E424DF248E0090C6A5 /* Resources */ = {
			isa = PBXResourcesBuildPhase;
			buildActionMask = 2147483647;
			files = (
				5F9CC9F924DF248E0090C6A5 /* LaunchScreen.storyboard in Resources */,
				5F9CC9F624DF248E0090C6A5 /* Assets.xcassets in Resources */,
				5F9CC9F124DF248E0090C6A5 /* Main.storyboard in Resources */,
			);
			runOnlyForDeploymentPostprocessing = 0;
		};
/* End PBXResourcesBuildPhase section */

/* Begin PBXSourcesBuildPhase section */
		5F9CC9E224DF248E0090C6A5 /* Sources */ = {
			isa = PBXSourcesBuildPhase;
			buildActionMask = 2147483647;
			files = (
				5F9CC9EA24DF248E0090C6A5 /* AppDelegate.swift in Sources */,
				5F9CC9F424DF248E0090C6A5 /* Hyeum.xcdatamodeld in Sources */,
				5F9CCA0524DF29550090C6A5 /* MemoListTableViewController.swift in Sources */,
				5F9CC9EC24DF248E0090C6A5 /* SceneDelegate.swift in Sources */,
				5F9CCA0224DF27010090C6A5 /* Model.swift in Sources */,
				5F9CCA0724DF306A0090C6A5 /* ComposeViewController.swift in Sources */,
				5F9CCA0924DF32D20090C6A5 /* UIViewController+Alert.swift in Sources */,
				5F7CE11D24E0417700231652 /* DataManager.swift in Sources */,
				5F9CF14524DF3A61007F9AE5 /* DetailViewController.swift in Sources */,
			);
			runOnlyForDeploymentPostprocessing = 0;
		};
/* End PBXSourcesBuildPhase section */

/* Begin PBXVariantGroup section */
		5F9CC9EF24DF248E0090C6A5 /* Main.storyboard */ = {
			isa = PBXVariantGroup;
			children = (
				5F9CC9F024DF248E0090C6A5 /* Base */,
			);
			name = Main.storyboard;
			sourceTree = "<group>";
		};
		5F9CC9F724DF248E0090C6A5 /* LaunchScreen.storyboard */ = {
			isa = PBXVariantGroup;
			children = (
				5F9CC9F824DF248E0090C6A5 /* Base */,
			);
			name = LaunchScreen.storyboard;
			sourceTree = "<group>";
		};
/* End PBXVariantGroup section */

/* Begin XCBuildConfiguration section */
		5F9CC9FB24DF248E0090C6A5 /* Debug */ = {
			isa = XCBuildConfiguration;
			buildSettings = {
				ALWAYS_SEARCH_USER_PATHS = NO;
				CLANG_ANALYZER_NONNULL = YES;
				CLANG_ANALYZER_NUMBER_OBJECT_CONVERSION = YES_AGGRESSIVE;
				CLANG_CXX_LANGUAGE_STANDARD = "gnu++14";
				CLANG_CXX_LIBRARY = "libc++";
				CLANG_ENABLE_MODULES = YES;
				CLANG_ENABLE_OBJC_ARC = YES;
				CLANG_ENABLE_OBJC_WEAK = YES;
				CLANG_WARN_BLOCK_CAPTURE_AUTORELEASING = YES;
				CLANG_WARN_BOOL_CONVERSION = YES;
				CLANG_WARN_COMMA = YES;
				CLANG_WARN_CONSTANT_CONVERSION = YES;
				CLANG_WARN_DEPRECATED_OBJC_IMPLEMENTATIONS = YES;
				CLANG_WARN_DIRECT_OBJC_ISA_USAGE = YES_ERROR;
				CLANG_WARN_DOCUMENTATION_COMMENTS = YES;
				CLANG_WARN_EMPTY_BODY = YES;
				CLANG_WARN_ENUM_CONVERSION = YES;
				CLANG_WARN_INFINITE_RECURSION = YES;
				CLANG_WARN_INT_CONVERSION = YES;
				CLANG_WARN_NON_LITERAL_NULL_CONVERSION = YES;
				CLANG_WARN_OBJC_IMPLICIT_RETAIN_SELF = YES;
				CLANG_WARN_OBJC_LITERAL_CONVERSION = YES;
				CLANG_WARN_OBJC_ROOT_CLASS = YES_ERROR;
				CLANG_WARN_RANGE_LOOP_ANALYSIS = YES;
				CLANG_WARN_STRICT_PROTOTYPES = YES;
				CLANG_WARN_SUSPICIOUS_MOVE = YES;
				CLANG_WARN_UNGUARDED_AVAILABILITY = YES_AGGRESSIVE;
				CLANG_WARN_UNREACHABLE_CODE = YES;
				CLANG_WARN__DUPLICATE_METHOD_MATCH = YES;
				COPY_PHASE_STRIP = NO;
				DEBUG_INFORMATION_FORMAT = dwarf;
				ENABLE_STRICT_OBJC_MSGSEND = YES;
				ENABLE_TESTABILITY = YES;
				GCC_C_LANGUAGE_STANDARD = gnu11;
				GCC_DYNAMIC_NO_PIC = NO;
				GCC_NO_COMMON_BLOCKS = YES;
				GCC_OPTIMIZATION_LEVEL = 0;
				GCC_PREPROCESSOR_DEFINITIONS = (
					"DEBUG=1",
					"$(inherited)",
				);
				GCC_WARN_64_TO_32_BIT_CONVERSION = YES;
				GCC_WARN_ABOUT_RETURN_TYPE = YES_ERROR;
				GCC_WARN_UNDECLARED_SELECTOR = YES;
				GCC_WARN_UNINITIALIZED_AUTOS = YES_AGGRESSIVE;
				GCC_WARN_UNUSED_FUNCTION = YES;
				GCC_WARN_UNUSED_VARIABLE = YES;
				IPHONEOS_DEPLOYMENT_TARGET = 13.6;
				MTL_ENABLE_DEBUG_INFO = INCLUDE_SOURCE;
				MTL_FAST_MATH = YES;
				ONLY_ACTIVE_ARCH = YES;
				SDKROOT = iphoneos;
				SWIFT_ACTIVE_COMPILATION_CONDITIONS = DEBUG;
				SWIFT_OPTIMIZATION_LEVEL = "-Onone";
			};
			name = Debug;
		};
		5F9CC9FC24DF248E0090C6A5 /* Release */ = {
			isa = XCBuildConfiguration;
			buildSettings = {
				ALWAYS_SEARCH_USER_PATHS = NO;
				CLANG_ANALYZER_NONNULL = YES;
				CLANG_ANALYZER_NUMBER_OBJECT_CONVERSION = YES_AGGRESSIVE;
				CLANG_CXX_LANGUAGE_STANDARD = "gnu++14";
				CLANG_CXX_LIBRARY = "libc++";
				CLANG_ENABLE_MODULES = YES;
				CLANG_ENABLE_OBJC_ARC = YES;
				CLANG_ENABLE_OBJC_WEAK = YES;
				CLANG_WARN_BLOCK_CAPTURE_AUTORELEASING = YES;
				CLANG_WARN_BOOL_CONVERSION = YES;
				CLANG_WARN_COMMA = YES;
				CLANG_WARN_CONSTANT_CONVERSION = YES;
				CLANG_WARN_DEPRECATED_OBJC_IMPLEMENTATIONS = YES;
				CLANG_WARN_DIRECT_OBJC_ISA_USAGE = YES_ERROR;
				CLANG_WARN_DOCUMENTATION_COMMENTS = YES;
				CLANG_WARN_EMPTY_BODY = YES;
				CLANG_WARN_ENUM_CONVERSION = YES;
				CLANG_WARN_INFINITE_RECURSION = YES;
				CLANG_WARN_INT_CONVERSION = YES;
				CLANG_WARN_NON_LITERAL_NULL_CONVERSION = YES;
				CLANG_WARN_OBJC_IMPLICIT_RETAIN_SELF = YES;
				CLANG_WARN_OBJC_LITERAL_CONVERSION = YES;
				CLANG_WARN_OBJC_ROOT_CLASS = YES_ERROR;
				CLANG_WARN_RANGE_LOOP_ANALYSIS = YES;
				CLANG_WARN_STRICT_PROTOTYPES = YES;
				CLANG_WARN_SUSPICIOUS_MOVE = YES;
				CLANG_WARN_UNGUARDED_AVAILABILITY = YES_AGGRESSIVE;
				CLANG_WARN_UNREACHABLE_CODE = YES;
				CLANG_WARN__DUPLICATE_METHOD_MATCH = YES;
				COPY_PHASE_STRIP = NO;
				DEBUG_INFORMATION_FORMAT = "dwarf-with-dsym";
				ENABLE_NS_ASSERTIONS = NO;
				ENABLE_STRICT_OBJC_MSGSEND = YES;
				GCC_C_LANGUAGE_STANDARD = gnu11;
				GCC_NO_COMMON_BLOCKS = YES;
				GCC_WARN_64_TO_32_BIT_CONVERSION = YES;
				GCC_WARN_ABOUT_RETURN_TYPE = YES_ERROR;
				GCC_WARN_UNDECLARED_SELECTOR = YES;
				GCC_WARN_UNINITIALIZED_AUTOS = YES_AGGRESSIVE;
				GCC_WARN_UNUSED_FUNCTION = YES;
				GCC_WARN_UNUSED_VARIABLE = YES;
				IPHONEOS_DEPLOYMENT_TARGET = 13.6;
				MTL_ENABLE_DEBUG_INFO = NO;
				MTL_FAST_MATH = YES;
				SDKROOT = iphoneos;
				SWIFT_COMPILATION_MODE = wholemodule;
				SWIFT_OPTIMIZATION_LEVEL = "-O";
				VALIDATE_PRODUCT = YES;
			};
			name = Release;
		};
		5F9CC9FE24DF248E0090C6A5 /* Debug */ = {
			isa = XCBuildConfiguration;
			buildSettings = {
				ASSETCATALOG_COMPILER_APPICON_NAME = AppIcon;
				CODE_SIGN_ENTITLEMENTS = "Hyeum/혜윰: 하루 한줄.entitlements";
				CODE_SIGN_STYLE = Automatic;
				DEVELOPMENT_TEAM = LSVRB78YW2;
				INFOPLIST_FILE = Hyeum/Info.plist;
				IPHONEOS_DEPLOYMENT_TARGET = 10.0;
				LD_RUNPATH_SEARCH_PATHS = (
					"$(inherited)",
					"@executable_path/Frameworks",
				);
				PRODUCT_BUNDLE_IDENTIFIER = Sevendays.Hyeum;
				PRODUCT_NAME = "혜윰: 하루 한줄";
				SUPPORTS_MACCATALYST = NO;
				SWIFT_VERSION = 5.0;
				TARGETED_DEVICE_FAMILY = "1,2";
			};
			name = Debug;
		};
		5F9CC9FF24DF248E0090C6A5 /* Release */ = {
			isa = XCBuildConfiguration;
			buildSettings = {
				ASSETCATALOG_COMPILER_APPICON_NAME = AppIcon;
				CODE_SIGN_ENTITLEMENTS = "Hyeum/혜윰: 하루 한줄.entitlements";
				CODE_SIGN_STYLE = Automatic;
				DEVELOPMENT_TEAM = LSVRB78YW2;
				INFOPLIST_FILE = Hyeum/Info.plist;
				IPHONEOS_DEPLOYMENT_TARGET = 10.0;
				LD_RUNPATH_SEARCH_PATHS = (
					"$(inherited)",
					"@executable_path/Frameworks",
				);
				PRODUCT_BUNDLE_IDENTIFIER = Sevendays.Hyeum;
				PRODUCT_NAME = "혜윰: 하루 한줄";
				SUPPORTS_MACCATALYST = NO;
				SWIFT_VERSION = 5.0;
				TARGETED_DEVICE_FAMILY = "1,2";
			};
			name = Release;
		};
/* End XCBuildConfiguration section */

/* Begin XCConfigurationList section */
		5F9CC9E124DF248D0090C6A5 /* Build configuration list for PBXProject "Hyeum" */ = {
			isa = XCConfigurationList;
			buildConfigurations = (
				5F9CC9FB24DF248E0090C6A5 /* Debug */,
				5F9CC9FC24DF248E0090C6A5 /* Release */,
			);
			defaultConfigurationIsVisible = 0;
			defaultConfigurationName = Release;
		};
		5F9CC9FD24DF248E0090C6A5 /* Build configuration list for PBXNativeTarget "Hyeum" */ = {
			isa = XCConfigurationList;
			buildConfigurations = (
				5F9CC9FE24DF248E0090C6A5 /* Debug */,
				5F9CC9FF24DF248E0090C6A5 /* Release */,
			);
			defaultConfigurationIsVisible = 0;
			defaultConfigurationName = Release;
		};
/* End XCConfigurationList section */

/* Begin XCVersionGroup section */
		5F9CC9F224DF248E0090C6A5 /* Hyeum.xcdatamodeld */ = {
			isa = XCVersionGroup;
			children = (
				5F9CC9F324DF248E0090C6A5 /* Hyeum.xcdatamodel */,
			);
			currentVersion = 5F9CC9F324DF248E0090C6A5 /* Hyeum.xcdatamodel */;
			path = Hyeum.xcdatamodeld;
			sourceTree = "<group>";
			versionGroupType = wrapper.xcdatamodel;
		};
/* End XCVersionGroup section */
	};
	rootObject = 5F9CC9DE24DF248D0090C6A5 /* Project object */;
}
